
Microsoft Visual Studio Solution File, Format Version 12.00
# Visual Studio Version 17
VisualStudioVersion = 17.11.34909.67
MinimumVisualStudioVersion = 10.0.40219.1
Project("{FAE04EC0-301F-11D3-BF4B-00C04F79EFBC}") = "Plex.Extensions.Configuration", "Plex.Extensions.Configuration\Plex.Extensions.Configuration.csproj", "{374EFBA3-E33D-48EC-8E95-C67D9A2B684B}"
EndProject
Global
	GlobalSection(SolutionConfigurationPlatforms) = preSolution
		Debug|Any CPU = Debug|Any CPU
		Release|Any CPU = Release|Any CPU
	EndGlobalSection
	GlobalSection(ProjectConfigurationPlatforms) = postSolution
		{374EFBA3-E33D-48EC-8E95-C67D9A2B684B}.Debug|Any CPU.ActiveCfg = Debug|Any CPU
		{374EFBA3-E33D-48EC-8E95-C67D9A2B684B}.Debug|Any CPU.Build.0 = Debug|Any CPU
		{374EFBA3-E33D-48EC-8E95-C67D9A2B684B}.Release|Any CPU.ActiveCfg = Release|Any CPU
		{374EFBA3-E33D-48EC-8E95-C67D9A2B684B}.Release|Any CPU.Build.0 = Release|Any CPU
	EndGlobalSection
	GlobalSection(SolutionProperties) = preSolution
		HideSolutionNode = FALSE
	EndGlobalSection
	GlobalSection(ExtensibilityGlobals) = postSolution
		SolutionGuid = {CBE40D85-0CD4-401A-BF62-7CC1B19BB8AB}
	EndGlobalSection
EndGlobal
